
Microsoft Visual Studio Solution File, Format Version 12.00
# Visual Studio Version 17
VisualStudioVersion = 17.5.002.0
MinimumVisualStudioVersion = 10.0.40219.1
Project("{9A19103F-16F7-4668-BE54-9A1E7A4F7556}") = "dwdm-pws2-gym", "dwdm-pws2-gym.csproj", "{F402A659-E641-4870-AA3D-3F8C9A45CD86}"
EndProject
Global
	GlobalSection(SolutionConfigurationPlatforms) = preSolution
		Debug|Any CPU = Debug|Any CPU
		Release|Any CPU = Release|Any CPU
	EndGlobalSection
	GlobalSection(ProjectConfigurationPlatforms) = postSolution
		{F402A659-E641-4870-AA3D-3F8C9A45CD86}.Debug|Any CPU.ActiveCfg = Debug|Any CPU
		{F402A659-E641-4870-AA3D-3F8C9A45CD86}.Debug|Any CPU.Build.0 = Debug|Any CPU
		{F402A659-E641-4870-AA3D-3F8C9A45CD86}.Release|Any CPU.ActiveCfg = Release|Any CPU
		{F402A659-E641-4870-AA3D-3F8C9A45CD86}.Release|Any CPU.Build.0 = Release|Any CPU
	EndGlobalSection
	GlobalSection(SolutionProperties) = preSolution
		HideSolutionNode = FALSE
	EndGlobalSection
	GlobalSection(ExtensibilityGlobals) = postSolution
		SolutionGuid = {A6E49A1E-CA11-4009-9D0A-9D9A3ACBC303}
	EndGlobalSection
EndGlobal
